
Microsoft Visual Studio Solution File, Format Version 12.00
# Visual Studio 15
VisualStudioVersion = 15.0.28307.106
MinimumVisualStudioVersion = 10.0.40219.1
Project("{FAE04EC0-301F-11D3-BF4B-00C04F79EFBC}") = "TextLoggingService", "TextLoggingService\TextLoggingService.csproj", "{A6750F4C-590E-4FD1-A92B-018FEB91609E}"
EndProject
Project("{FAE04EC0-301F-11D3-BF4B-00C04F79EFBC}") = "TextLoggingService.Core", "TextLoggingService.Core\TextLoggingService.Core.csproj", "{0D70A876-B8FB-41E4-B7F9-86A435036E0B}"
EndProject
Project("{2150E333-8FDC-42A3-9474-1A3956D46DE8}") = "Tests", "Tests", "{2735AC3E-31BF-4128-8A67-F186857ED6BF}"
EndProject
Project("{FAE04EC0-301F-11D3-BF4B-00C04F79EFBC}") = "TextLoggingService.Core.UnitTests", "TextLoggingService.Core.UnitTests\TextLoggingService.Core.UnitTests.csproj", "{A2DB0716-E942-4440-9AF9-CBFCFAD481A6}"
EndProject
Project("{FAE04EC0-301F-11D3-BF4B-00C04F79EFBC}") = "TextLoggingService.UnitTests", "TextLoggingService.UnitTests\TextLoggingService.UnitTests.csproj", "{7244FED2-118D-446E-A3EC-70BEF8E7EDDC}"
EndProject
Project("{2150E333-8FDC-42A3-9474-1A3956D46DE8}") = "IntegrationTests", "IntegrationTests", "{BF7AC0DF-9D08-4385-A74D-4D8DC3F1EC48}"
EndProject
Project("{2150E333-8FDC-42A3-9474-1A3956D46DE8}") = "UnitTests", "UnitTests", "{F0C1747B-4144-4E5E-8DFB-BED5F27705D9}"
EndProject
Project("{FAE04EC0-301F-11D3-BF4B-00C04F79EFBC}") = "TextLoggingService.IntegrationTests", "TextLoggingService.IntegrationTests\TextLoggingService.IntegrationTests.csproj", "{3872C78A-A3AF-4CD4-9D37-EB2BCC83EE12}"
EndProject
Project("{FAE04EC0-301F-11D3-BF4B-00C04F79EFBC}") = "TextLoggingService.Core.IntegrationTests", "TextLoggingService.Core.IntegrationTests\TextLoggingService.Core.IntegrationTests.csproj", "{1832EE96-16FB-439C-9694-F18438F71A9E}"
EndProject
Global
	GlobalSection(SolutionConfigurationPlatforms) = preSolution
		Debug|Any CPU = Debug|Any CPU
		Release|Any CPU = Release|Any CPU
	EndGlobalSection
	GlobalSection(ProjectConfigurationPlatforms) = postSolution
		{A6750F4C-590E-4FD1-A92B-018FEB91609E}.Debug|Any CPU.ActiveCfg = Debug|Any CPU
		{A6750F4C-590E-4FD1-A92B-018FEB91609E}.Debug|Any CPU.Build.0 = Debug|Any CPU
		{A6750F4C-590E-4FD1-A92B-018FEB91609E}.Release|Any CPU.ActiveCfg = Release|Any CPU
		{A6750F4C-590E-4FD1-A92B-018FEB91609E}.Release|Any CPU.Build.0 = Release|Any CPU
		{0D70A876-B8FB-41E4-B7F9-86A435036E0B}.Debug|Any CPU.ActiveCfg = Debug|Any CPU
		{0D70A876-B8FB-41E4-B7F9-86A435036E0B}.Debug|Any CPU.Build.0 = Debug|Any CPU
		{0D70A876-B8FB-41E4-B7F9-86A435036E0B}.Release|Any CPU.ActiveCfg = Release|Any CPU
		{0D70A876-B8FB-41E4-B7F9-86A435036E0B}.Release|Any CPU.Build.0 = Release|Any CPU
		{A2DB0716-E942-4440-9AF9-CBFCFAD481A6}.Debug|Any CPU.ActiveCfg = Debug|Any CPU
		{A2DB0716-E942-4440-9AF9-CBFCFAD481A6}.Debug|Any CPU.Build.0 = Debug|Any CPU
		{A2DB0716-E942-4440-9AF9-CBFCFAD481A6}.Release|Any CPU.ActiveCfg = Release|Any CPU
		{A2DB0716-E942-4440-9AF9-CBFCFAD481A6}.Release|Any CPU.Build.0 = Release|Any CPU
		{7244FED2-118D-446E-A3EC-70BEF8E7EDDC}.Debug|Any CPU.ActiveCfg = Debug|Any CPU
		{7244FED2-118D-446E-A3EC-70BEF8E7EDDC}.Debug|Any CPU.Build.0 = Debug|Any CPU
		{7244FED2-118D-446E-A3EC-70BEF8E7EDDC}.Release|Any CPU.ActiveCfg = Release|Any CPU
		{7244FED2-118D-446E-A3EC-70BEF8E7EDDC}.Release|Any CPU.Build.0 = Release|Any CPU
		{3872C78A-A3AF-4CD4-9D37-EB2BCC83EE12}.Debug|Any CPU.ActiveCfg = Debug|Any CPU
		{3872C78A-A3AF-4CD4-9D37-EB2BCC83EE12}.Debug|Any CPU.Build.0 = Debug|Any CPU
		{3872C78A-A3AF-4CD4-9D37-EB2BCC83EE12}.Release|Any CPU.ActiveCfg = Release|Any CPU
		{3872C78A-A3AF-4CD4-9D37-EB2BCC83EE12}.Release|Any CPU.Build.0 = Release|Any CPU
		{1832EE96-16FB-439C-9694-F18438F71A9E}.Debug|Any CPU.ActiveCfg = Debug|Any CPU
		{1832EE96-16FB-439C-9694-F18438F71A9E}.Debug|Any CPU.Build.0 = Debug|Any CPU
		{1832EE96-16FB-439C-9694-F18438F71A9E}.Release|Any CPU.ActiveCfg = Release|Any CPU
		{1832EE96-16FB-439C-9694-F18438F71A9E}.Release|Any CPU.Build.0 = Release|Any CPU
	EndGlobalSection
	GlobalSection(SolutionProperties) = preSolution
		HideSolutionNode = FALSE
	EndGlobalSection
	GlobalSection(NestedProjects) = preSolution
		{A2DB0716-E942-4440-9AF9-CBFCFAD481A6} = {F0C1747B-4144-4E5E-8DFB-BED5F27705D9}
		{7244FED2-118D-446E-A3EC-70BEF8E7EDDC} = {F0C1747B-4144-4E5E-8DFB-BED5F27705D9}
		{BF7AC0DF-9D08-4385-A74D-4D8DC3F1EC48} = {2735AC3E-31BF-4128-8A67-F186857ED6BF}
		{F0C1747B-4144-4E5E-8DFB-BED5F27705D9} = {2735AC3E-31BF-4128-8A67-F186857ED6BF}
		{3872C78A-A3AF-4CD4-9D37-EB2BCC83EE12} = {BF7AC0DF-9D08-4385-A74D-4D8DC3F1EC48}
		{1832EE96-16FB-439C-9694-F18438F71A9E} = {BF7AC0DF-9D08-4385-A74D-4D8DC3F1EC48}
	EndGlobalSection
	GlobalSection(ExtensibilityGlobals) = postSolution
		SolutionGuid = {DC691769-B797-4FD5-B9CA-0489A8C8377F}
	EndGlobalSection
EndGlobal
